// !$*UTF8*$!
{
	archiveVersion = 1;
	classes = {
	};
	objectVersion = 56;
	objects = {

/* Begin PBXBuildFile section */
		TB0000000000000000000001 /* main.swift in Sources */ = {isa = PBXBuildFile; fileRef = TB0000000000000000000101 /* main.swift */; };
		TB0000000000000000000002 /* AppDelegate.swift in Sources */ = {isa = PBXBuildFile; fileRef = TB0000000000000000000102 /* AppDelegate.swift */; };
		TB0000000000000000000003 /* AppState.swift in Sources */ = {isa = PBXBuildFile; fileRef = TB0000000000000000000103 /* AppState.swift */; };
		TB0000000000000000000004 /* IconRenderer.swift in Sources */ = {isa = PBXBuildFile; fileRef = TB0000000000000000000104 /* IconRenderer.swift */; };
		TB0000000000000000000020 /* ThreadOpener.swift in Sources */ = {isa = PBXBuildFile; fileRef = TB0000000000000000000120 /* ThreadOpener.swift */; };
		TB0000000000000000000005 /* MenuView.swift in Sources */ = {isa = PBXBuildFile; fileRef = TB0000000000000000000105 /* MenuView.swift */; };
		TB0000000000000000000006 /* SettingsView.swift in Sources */ = {isa = PBXBuildFile; fileRef = TB0000000000000000000106 /* SettingsView.swift */; };
		TB0000000000000000000007 /* ClaudeScanner.swift in Sources */ = {isa = PBXBuildFile; fileRef = TB0000000000000000000107 /* ClaudeScanner.swift */; };
		TB0000000000000000000008 /* DeepSeekClient.swift in Sources */ = {isa = PBXBuildFile; fileRef = TB0000000000000000000108 /* DeepSeekClient.swift */; };
		TB0000000000000000000009 /* KeychainHelper.swift in Sources */ = {isa = PBXBuildFile; fileRef = TB0000000000000000000109 /* KeychainHelper.swift */; };
		TB000000000000000000000B /* AntigravityScanner.swift in Sources */ = {isa = PBXBuildFile; fileRef = TB000000000000000000010B /* AntigravityScanner.swift */; };
		TB000000000000000000000E /* GeminiScanner.swift in Sources */ = {isa = PBXBuildFile; fileRef = TB000000000000000000010E /* GeminiScanner.swift */; };
		TB000000000000000000000F /* CodexScanner.swift in Sources */ = {isa = PBXBuildFile; fileRef = TB000000000000000000010F /* CodexScanner.swift */; };
		TB000000000000000000000C /* AppIcon.icns in Resources */ = {isa = PBXBuildFile; fileRef = TB000000000000000000010C /* AppIcon.icns */; };
		TB000000000000000000000D /* UsageGraphView.swift in Sources */ = {isa = PBXBuildFile; fileRef = TB000000000000000000010D /* UsageGraphView.swift */; };
/* End PBXBuildFile section */

/* Begin PBXFileReference section */
		TB0000000000000000000100 /* TokenBar.app */ = {isa = PBXFileReference; explicitFileType = wrapper.application; includeInIndex = 0; path = TokenBar.app; sourceTree = BUILT_PRODUCTS_DIR; };
		TB0000000000000000000101 /* main.swift */ = {isa = PBXFileReference; lastKnownFileType = sourcecode.swift; path = main.swift; sourceTree = "<group>"; };
		TB0000000000000000000102 /* AppDelegate.swift */ = {isa = PBXFileReference; lastKnownFileType = sourcecode.swift; path = AppDelegate.swift; sourceTree = "<group>"; };
		TB0000000000000000000103 /* AppState.swift */ = {isa = PBXFileReference; lastKnownFileType = sourcecode.swift; path = AppState.swift; sourceTree = "<group>"; };
		TB0000000000000000000104 /* IconRenderer.swift */ = {isa = PBXFileReference; lastKnownFileType = sourcecode.swift; path = IconRenderer.swift; sourceTree = "<group>"; };
		TB0000000000000000000120 /* ThreadOpener.swift */ = {isa = PBXFileReference; lastKnownFileType = sourcecode.swift; path = ThreadOpener.swift; sourceTree = "<group>"; };
		TB0000000000000000000105 /* MenuView.swift */ = {isa = PBXFileReference; lastKnownFileType = sourcecode.swift; path = MenuView.swift; sourceTree = "<group>"; };
		TB0000000000000000000106 /* SettingsView.swift */ = {isa = PBXFileReference; lastKnownFileType = sourcecode.swift; path = SettingsView.swift; sourceTree = "<group>"; };
		TB0000000000000000000107 /* ClaudeScanner.swift */ = {isa = PBXFileReference; lastKnownFileType = sourcecode.swift; path = ClaudeScanner.swift; sourceTree = "<group>"; };
		TB0000000000000000000108 /* DeepSeekClient.swift */ = {isa = PBXFileReference; lastKnownFileType = sourcecode.swift; path = DeepSeekClient.swift; sourceTree = "<group>"; };
		TB0000000000000000000109 /* KeychainHelper.swift */ = {isa = PBXFileReference; lastKnownFileType = sourcecode.swift; path = KeychainHelper.swift; sourceTree = "<group>"; };
		TB000000000000000000010B /* AntigravityScanner.swift */ = {isa = PBXFileReference; lastKnownFileType = sourcecode.swift; path = AntigravityScanner.swift; sourceTree = "<group>"; };
		TB000000000000000000010E /* GeminiScanner.swift */ = {isa = PBXFileReference; lastKnownFileType = sourcecode.swift; path = GeminiScanner.swift; sourceTree = "<group>"; };
		TB000000000000000000010F /* CodexScanner.swift */ = {isa = PBXFileReference; lastKnownFileType = sourcecode.swift; path = CodexScanner.swift; sourceTree = "<group>"; };
		TB000000000000000000010A /* Info.plist */ = {isa = PBXFileReference; lastKnownFileType = text.plist.xml; path = Info.plist; sourceTree = "<group>"; };
		TB000000000000000000010C /* AppIcon.icns */ = {isa = PBXFileReference; lastKnownFileType = image.icns; path = AppIcon.icns; sourceTree = "<group>"; };
		TB000000000000000000010D /* UsageGraphView.swift */ = {isa = PBXFileReference; lastKnownFileType = sourcecode.swift; path = UsageGraphView.swift; sourceTree = "<group>"; };
/* End PBXFileReference section */

/* Begin PBXFrameworksBuildPhase section */
		TB0000000000000000000204 /* Frameworks */ = {
			isa = PBXFrameworksBuildPhase;
			buildActionMask = 2147483647;
			files = (
			);
			runOnlyForDeploymentPostprocessing = 0;
		};
		TB0000000000000000000200 /* Frameworks */ = {
			isa = PBXFrameworksBuildPhase;
			buildActionMask = 2147483647;
			files = (
			);
			runOnlyForDeploymentPostprocessing = 0;
		};
/* End PBXFrameworksBuildPhase section */



/* Begin PBXGroup section */
		TB0000000000000000000300 /* MainGroup */ = {
			isa = PBXGroup;
			children = (
				TB0000000000000000000301 /* TokenBar */,
				TB0000000000000000000302 /* Products */,
			);
			sourceTree = "<group>";
		};
		TB0000000000000000000301 /* TokenBar */ = {
			isa = PBXGroup;
			children = (
				TB0000000000000000000101 /* main.swift */,
				TB0000000000000000000102 /* AppDelegate.swift */,
				TB0000000000000000000103 /* AppState.swift */,
				TB0000000000000000000104 /* IconRenderer.swift */,
				TB0000000000000000000120 /* ThreadOpener.swift */,
				TB0000000000000000000105 /* MenuView.swift */,
				TB0000000000000000000106 /* SettingsView.swift */,
				TB0000000000000000000107 /* ClaudeScanner.swift */,
				TB0000000000000000000108 /* DeepSeekClient.swift */,
				TB0000000000000000000109 /* KeychainHelper.swift */,
				TB000000000000000000010B /* AntigravityScanner.swift */,
				TB000000000000000000010E /* GeminiScanner.swift */,
				TB000000000000000000010F /* CodexScanner.swift */,
				TB000000000000000000010A /* Info.plist */,
				TB000000000000000000010C /* AppIcon.icns */,
				TB000000000000000000010D /* UsageGraphView.swift */,
			);
			path = TokenBar;
			sourceTree = "<group>";
		};
		TB0000000000000000000302 /* Products */ = {
			isa = PBXGroup;
			children = (
				TB0000000000000000000100 /* TokenBar.app */,
			);
			name = Products;
			sourceTree = "<group>";
		};
/* End PBXGroup section */

/* Begin PBXNativeTarget section */
		TB0000000000000000000400 /* TokenBar */ = {
			isa = PBXNativeTarget;
			buildConfigurationList = TB0000000000000000000501;
			buildPhases = (
				TB0000000000000000000201 /* Sources */,
				TB0000000000000000000200 /* Frameworks */,
				TB0000000000000000000202 /* Resources */,
			);
			buildRules = (
			);
			dependencies = (
			);
			name = TokenBar;
			productName = TokenBar;
			productReference = TB0000000000000000000100 /* TokenBar.app */;
			productType = "com.apple.product-type.application";
		};
/* End PBXNativeTarget section */




/* Begin PBXProject section */
		TB0000000000000000000600 /* Project object */ = {
			isa = PBXProject;
			attributes = {
				BuildIndependentTargetsInParallel = 1;
				LastSwiftUpdateCheck = 1540;
				LastUpgradeCheck = 1540;
				TargetAttributes = {
					TB0000000000000000000400 = {
						CreatedOnToolsVersion = 15.4;
					};
				};
			};
			buildConfigurationList = TB0000000000000000000500;
			compatibilityVersion = "Xcode 14.0";
			developmentRegion = en;
			hasScannedForEncodings = 0;
			knownRegions = (
				en,
				Base,
			);
			mainGroup = TB0000000000000000000300;
			productRefGroup = TB0000000000000000000302 /* Products */;
			projectDirPath = "";
			projectRoot = "";
			targets = (
				TB0000000000000000000400 /* TokenBar */,
			);
		};
/* End PBXProject section */

/* Begin PBXResourcesBuildPhase section */
		TB0000000000000000000202 /* Resources */ = {
			isa = PBXResourcesBuildPhase;
			buildActionMask = 2147483647;
			files = (
				TB000000000000000000000C /* AppIcon.icns in Resources */,
			);
			runOnlyForDeploymentPostprocessing = 0;
		};
/* End PBXResourcesBuildPhase section */

/* Begin PBXSourcesBuildPhase section */
		TB0000000000000000000201 /* Sources */ = {
			isa = PBXSourcesBuildPhase;
			buildActionMask = 2147483647;
			files = (
				TB0000000000000000000001 /* main.swift in Sources */,
				TB0000000000000000000002 /* AppDelegate.swift in Sources */,
				TB0000000000000000000003 /* AppState.swift in Sources */,
				TB0000000000000000000004 /* IconRenderer.swift in Sources */,
				TB0000000000000000000020 /* ThreadOpener.swift in Sources */,
				TB0000000000000000000005 /* MenuView.swift in Sources */,
				TB0000000000000000000006 /* SettingsView.swift in Sources */,
				TB0000000000000000000007 /* ClaudeScanner.swift in Sources */,
				TB0000000000000000000008 /* DeepSeekClient.swift in Sources */,
				TB0000000000000000000009 /* KeychainHelper.swift in Sources */,
				TB000000000000000000000B /* AntigravityScanner.swift in Sources */,
				TB000000000000000000000E /* GeminiScanner.swift in Sources */,
				TB000000000000000000000F /* CodexScanner.swift in Sources */,
				TB000000000000000000000D /* UsageGraphView.swift in Sources */,
			);
			runOnlyForDeploymentPostprocessing = 0;
		};
/* End PBXSourcesBuildPhase section */

/* Begin XCBuildConfiguration section */
		TB0000000000000000000700 /* Debug (Project) */ = {
			isa = XCBuildConfiguration;
			buildSettings = {
				ALWAYS_SEARCH_USER_PATHS = NO;
				ASSETCATALOG_COMPILER_GENERATE_SWIFT_ASSET_SYMBOL_EXTENSIONS = YES;
				CLANG_ANALYZER_NONNULL = YES;
				CLANG_ANALYZER_NUMBER_OBJECT_CONVERSION = YES_AGGRESSIVE;
				CLANG_CXX_LANGUAGE_STANDARD = "gnu++20";
				CLANG_ENABLE_MODULES = YES;
				CLANG_ENABLE_OBJC_ARC = YES;
				CLANG_ENABLE_OBJC_WEAK = YES;
				CLANG_WARN_BLOCK_CAPTURE_AUTORELEASING = YES;
				CLANG_WARN_BOOL_CONVERSION = YES;
				CLANG_WARN_COMMA = YES;
				CLANG_WARN_CONSTANT_CONVERSION = YES;
				CLANG_WARN_DEPRECATED_OBJC_IMPLEMENTATIONS = YES;
				CLANG_WARN_DIRECT_OBJC_ISA_USAGE = YES_ERROR;
				CLANG_WARN_DOCUMENTATION_COMMENTS = YES;
				CLANG_WARN_EMPTY_BODY = YES;
				CLANG_WARN_ENUM_CONVERSION = YES;
				CLANG_WARN_INFINITE_RECURSION = YES;
				CLANG_WARN_INT_CONVERSION = YES;
				CLANG_WARN_NON_LITERAL_NULL_CONVERSION = YES;
				CLANG_WARN_OBJC_IMPLICIT_RETAIN_CYCLES = YES;
				CLANG_WARN_OBJC_LITERAL_CONVERSION = YES;
				CLANG_WARN_OBJC_ROOT_CLASS = YES_ERROR;
				CLANG_WARN_QUOTED_INCLUDE_IN_FRAMEWORK_HEADER = YES;
				CLANG_WARN_RANGE_LOOP_ANALYSIS = YES;
				CLANG_WARN_STRICT_PROTOTYPES = YES;
				CLANG_WARN_SUSPICIOUS_MOVE = YES;
				CLANG_WARN_UNGUARDED_AVAILABILITY = YES_AGGRESSIVE;
				CLANG_WARN_UNREACHABLE_CODE = YES;
				CLANG_WARN__DUPLICATE_METHOD_MATCH = YES;
				COPY_PHASE_STRIP = NO;
				DEBUG_INFORMATION_FORMAT = dwarf;
				ENABLE_STRICT_OBJC_MSGSEND = YES;
				ENABLE_TESTABILITY = YES;
				ENABLE_USER_SCRIPT_SANDBOXING = YES;
				GCC_C_LANGUAGE_STANDARD = gnu17;
				GCC_DYNAMIC_NO_PIC = NO;
				GCC_NO_COMMON_BLOCKS = YES;
				GCC_OPTIMIZATION_LEVEL = 0;
				GCC_PREPROCESSOR_DEFINITIONS = (
					"DEBUG=1",
					"$(inherited)",
				);
				GCC_WARN_64_TO_32_BIT_CONVERSION = YES;
				GCC_WARN_ABOUT_RETURN_TYPE = YES_ERROR;
				GCC_WARN_UNDECLARED_SELECTOR = YES;
				GCC_WARN_UNINITIALIZED_AUTOS = YES_AGGRESSIVE;
				GCC_WARN_UNUSED_FUNCTION = YES;
				GCC_WARN_UNUSED_VARIABLE = YES;
				LOCALIZATION_PREFERS_STRING_CATALOGS = YES;
				MACOSX_DEPLOYMENT_TARGET = 14.0;
				MTL_ENABLE_DEBUG_INFO = INCLUDE_SOURCE;
				MTL_FAST_MATH = YES;
				ONLY_ACTIVE_ARCH = YES;
				SDKROOT = macosx;
				SWIFT_ACTIVE_COMPILATION_CONDITIONS = "DEBUG $(inherited)";
				SWIFT_OPTIMIZATION_LEVEL = "-Onone";
			};
			name = Debug;
		};
		TB0000000000000000000701 /* Release (Project) */ = {
			isa = XCBuildConfiguration;
			buildSettings = {
				ALWAYS_SEARCH_USER_PATHS = NO;
				ASSETCATALOG_COMPILER_GENERATE_SWIFT_ASSET_SYMBOL_EXTENSIONS = YES;
				CLANG_ANALYZER_NONNULL = YES;
				CLANG_ANALYZER_NUMBER_OBJECT_CONVERSION = YES_AGGRESSIVE;
				CLANG_CXX_LANGUAGE_STANDARD = "gnu++20";
				CLANG_ENABLE_MODULES = YES;
				CLANG_ENABLE_OBJC_ARC = YES;
				CLANG_ENABLE_OBJC_WEAK = YES;
				CLANG_WARN_BLOCK_CAPTURE_AUTORELEASING = YES;
				CLANG_WARN_BOOL_CONVERSION = YES;
				CLANG_WARN_COMMA = YES;
				CLANG_WARN_CONSTANT_CONVERSION = YES;
				CLANG_WARN_DEPRECATED_OBJC_IMPLEMENTATIONS = YES;
				CLANG_WARN_DIRECT_OBJC_ISA_USAGE = YES_ERROR;
				CLANG_WARN_DOCUMENTATION_COMMENTS = YES;
				CLANG_WARN_EMPTY_BODY = YES;
				CLANG_WARN_ENUM_CONVERSION = YES;
				CLANG_WARN_INFINITE_RECURSION = YES;
				CLANG_WARN_INT_CONVERSION = YES;
				CLANG_WARN_NON_LITERAL_NULL_CONVERSION = YES;
				CLANG_WARN_OBJC_IMPLICIT_RETAIN_CYCLES = YES;
				CLANG_WARN_OBJC_LITERAL_CONVERSION = YES;
				CLANG_WARN_OBJC_ROOT_CLASS = YES_ERROR;
				CLANG_WARN_QUOTED_INCLUDE_IN_FRAMEWORK_HEADER = YES;
				CLANG_WARN_RANGE_LOOP_ANALYSIS = YES;
				CLANG_WARN_STRICT_PROTOTYPES = YES;
				CLANG_WARN_SUSPICIOUS_MOVE = YES;
				CLANG_WARN_UNGUARDED_AVAILABILITY = YES_AGGRESSIVE;
				CLANG_WARN_UNREACHABLE_CODE = YES;
				CLANG_WARN__DUPLICATE_METHOD_MATCH = YES;
				COPY_PHASE_STRIP = NO;
				DEBUG_INFORMATION_FORMAT = "dwarf-with-dsym";
				ENABLE_NS_ASSERTIONS = NO;
				ENABLE_STRICT_OBJC_MSGSEND = YES;
				ENABLE_USER_SCRIPT_SANDBOXING = YES;
				GCC_C_LANGUAGE_STANDARD = gnu17;
				GCC_NO_COMMON_BLOCKS = YES;
				GCC_WARN_64_TO_32_BIT_CONVERSION = YES;
				GCC_WARN_ABOUT_RETURN_TYPE = YES_ERROR;
				GCC_WARN_UNDECLARED_SELECTOR = YES;
				GCC_WARN_UNINITIALIZED_AUTOS = YES_AGGRESSIVE;
				GCC_WARN_UNUSED_FUNCTION = YES;
				GCC_WARN_UNUSED_VARIABLE = YES;
				LOCALIZATION_PREFERS_STRING_CATALOGS = YES;
				MACOSX_DEPLOYMENT_TARGET = 14.0;
				MTL_FAST_MATH = YES;
				SDKROOT = macosx;
				SWIFT_COMPILATION_MODE = wholemodule;
				SWIFT_OPTIMIZATION_LEVEL = "-O";
			};
			name = Release;
		};
		TB0000000000000000000702 /* Debug (Target) */ = {
			isa = XCBuildConfiguration;
			buildSettings = {
				ARCHS = arm64;
				CODE_SIGN_STYLE = Automatic;
				COMBINE_HIDPI_IMAGES = YES;
				CURRENT_PROJECT_VERSION = 1;
				INFOPLIST_FILE = TokenBar/Info.plist;
				LD_RUNPATH_SEARCH_PATHS = (
					"$(inherited)",
					"@executable_path/../Frameworks",
				);
				MARKETING_VERSION = 1.0;
				PRODUCT_BUNDLE_IDENTIFIER = com.tokenbar.app;
				PRODUCT_NAME = "$(TARGET_NAME)";
				SWIFT_EMIT_LOC_STRINGS = YES;
				SWIFT_STRICT_CONCURRENCY = minimal;
				SWIFT_VERSION = 5.0;
			};
			name = Debug;
		};
		TB0000000000000000000703 /* Release (Target) */ = {
			isa = XCBuildConfiguration;
			buildSettings = {
				ARCHS = arm64;
				CODE_SIGN_STYLE = Automatic;
				COMBINE_HIDPI_IMAGES = YES;
				CURRENT_PROJECT_VERSION = 1;
				INFOPLIST_FILE = TokenBar/Info.plist;
				LD_RUNPATH_SEARCH_PATHS = (
					"$(inherited)",
					"@executable_path/../Frameworks",
				);
				MARKETING_VERSION = 1.0;
				PRODUCT_BUNDLE_IDENTIFIER = com.tokenbar.app;
				PRODUCT_NAME = "$(TARGET_NAME)";
				SWIFT_EMIT_LOC_STRINGS = YES;
				SWIFT_STRICT_CONCURRENCY = minimal;
				SWIFT_VERSION = 5.0;
			};
			name = Release;
		};
/* End XCBuildConfiguration section */

/* Begin XCConfigurationList section */
		TB0000000000000000000500 /* Build configuration list for PBXProject "TokenBar" */ = {
			isa = XCConfigurationList;
			buildConfigurations = (
				TB0000000000000000000700 /* Debug */,
				TB0000000000000000000701 /* Release */,
			);
			defaultConfigurationIsVisible = 0;
			defaultConfigurationName = Release;
		};
		TB0000000000000000000501 /* Build configuration list for PBXNativeTarget "TokenBar" */ = {
			isa = XCConfigurationList;
			buildConfigurations = (
				TB0000000000000000000702 /* Debug */,
				TB0000000000000000000703 /* Release */,
			);
			defaultConfigurationIsVisible = 0;
			defaultConfigurationName = Release;
		};
/* End XCConfigurationList section */

	};
	rootObject = TB0000000000000000000600 /* Project object */;
}
